{
  "name": "DevContribution",
  "lockfileVersion": 2,
  "requires": true,
  "packages": {
    "": {
      "dependencies": {
        "flowbite": "^2.3.0",
        "node-html-markdown": "^1.3.0"
      },
      "devDependencies": {
        "@tailwindcss/typography": "^0.5.10",
        "sweetalert2": "^11.10.5"
      }
    },
    "node_modules/@popperjs/core": {
      "version": "2.11.8",
      "resolved": "https://registry.npmjs.org/@popperjs/core/-/core-2.11.8.tgz",
      "integrity": "sha512-P1st0aksCrn9sGZhp8GMYwBnQsbvAWsZAX44oXNNvLHGqAOcoVxmjZiohstwQ7SqKnbR47akdNi+uleWD8+g6A==",
      "funding": {
        "type": "opencollective",
        "url": "https://opencollective.com/popperjs"
      }
    },
    "node_modules/@tailwindcss/typography": {
      "version": "0.5.10",
      "resolved": "https://registry.npmjs.org/@tailwindcss/typography/-/typography-0.5.10.tgz",
      "integrity": "sha512-Pe8BuPJQJd3FfRnm6H0ulKIGoMEQS+Vq01R6M5aCrFB/ccR/shT+0kXLjouGC1gFLm9hopTFN+DMP0pfwRWzPw==",
      "dev": true,
      "license": "MIT",
      "dependencies": {
        "lodash.castarray": "^4.4.0",
        "lodash.isplainobject": "^4.0.6",
        "lodash.merge": "^4.6.2",
        "postcss-selector-parser": "6.0.10"
      },
      "peerDependencies": {
        "tailwindcss": ">=3.0.0 || insiders"
      }
    },
    "node_modules/boolbase": {
      "version": "1.0.0",
      "resolved": "https://registry.npmjs.org/boolbase/-/boolbase-1.0.0.tgz",
      "integrity": "sha512-JZOSA7Mo9sNGB8+UjSgzdLtokWAky1zbztM3WRLCbZ70/3cTANmQmOdR7y2g+J0e2WXywy1yS468tY+IruqEww==",
      "license": "ISC"
    },
    "node_modules/css-select": {
      "version": "5.1.0",
      "resolved": "https://registry.npmjs.org/css-select/-/css-select-5.1.0.tgz",
      "integrity": "sha512-nwoRF1rvRRnnCqqY7updORDsuqKzqYJ28+oSMaJMMgOauh3fvwHqMS7EZpIPqK8GL+g9mKxF1vP/ZjSeNjEVHg==",
      "license": "BSD-2-Clause",
      "dependencies": {
        "boolbase": "^1.0.0",
        "css-what": "^6.1.0",
        "domhandler": "^5.0.2",
        "domutils": "^3.0.1",
        "nth-check": "^2.0.1"
      },
      "funding": {
        "url": "https://github.com/sponsors/fb55"
      }
    },
    "node_modules/css-what": {
      "version": "6.1.0",
      "resolved": "https://registry.npmjs.org/css-what/-/css-what-6.1.0.tgz",
      "integrity": "sha512-HTUrgRJ7r4dsZKU6GjmpfRK1O76h97Z8MfS1G0FozR+oF2kG6Vfe8JE6zwrkbxigziPHinCJ+gCPjA9EaBDtRw==",
      "license": "BSD-2-Clause",
      "engines": {
        "node": ">= 6"
      },
      "funding": {
        "url": "https://github.com/sponsors/fb55"
      }
    },
    "node_modules/cssesc": {
      "version": "3.0.0",
      "resolved": "https://registry.npmjs.org/cssesc/-/cssesc-3.0.0.tgz",
      "integrity": "sha512-/Tb/JcjK111nNScGob5MNtsntNM1aCNUDipB/TkwZFhyDrrE47SOx/18wF2bbjgc3ZzCSKW1T5nt5EbFoAz/Vg==",
      "dev": true,
      "license": "MIT",
      "bin": {
        "cssesc": "bin/cssesc"
      },
      "engines": {
        "node": ">=4"
      }
    },
    "node_modules/dom-serializer": {
      "version": "2.0.0",
      "resolved": "https://registry.npmjs.org/dom-serializer/-/dom-serializer-2.0.0.tgz",
      "integrity": "sha512-wIkAryiqt/nV5EQKqQpo3SToSOV9J0DnbJqwK7Wv/Trc92zIAYZ4FlMu+JPFW1DfGFt81ZTCGgDEabffXeLyJg==",
      "license": "MIT",
      "dependencies": {
        "domelementtype": "^2.3.0",
        "domhandler": "^5.0.2",
        "entities": "^4.2.0"
      },
      "funding": {
        "url": "https://github.com/cheeriojs/dom-serializer?sponsor=1"
      }
    },
    "node_modules/domelementtype": {
      "version": "2.3.0",
      "resolved": "https://registry.npmjs.org/domelementtype/-/domelementtype-2.3.0.tgz",
      "integrity": "sha512-OLETBj6w0OsagBwdXnPdN0cnMfF9opN69co+7ZrbfPGrdpPVNBUj02spi6B1N7wChLQiPn4CSH/zJvXw56gmHw==",
      "funding": [
        {
          "type": "github",
          "url": "https://github.com/sponsors/fb55"
        }
      ],
      "license": "BSD-2-Clause"
    },
    "node_modules/domhandler": {
      "version": "5.0.3",
      "resolved": "https://registry.npmjs.org/domhandler/-/domhandler-5.0.3.tgz",
      "integrity": "sha512-cgwlv/1iFQiFnU96XXgROh8xTeetsnJiDsTc7TYCLFd9+/WNkIqPTxiM/8pSd8VIrhXGTf1Ny1q1hquVqDJB5w==",
      "license": "BSD-2-Clause",
      "dependencies": {
        "domelementtype": "^2.3.0"
      },
      "engines": {
        "node": ">= 4"
      },
      "funding": {
        "url": "https://github.com/fb55/domhandler?sponsor=1"
      }
    },
    "node_modules/domutils": {
      "version": "3.1.0",
      "resolved": "https://registry.npmjs.org/domutils/-/domutils-3.1.0.tgz",
      "integrity": "sha512-H78uMmQtI2AhgDJjWeQmHwJJ2bLPD3GMmO7Zja/ZZh84wkm+4ut+IUnUdRa8uCGX88DiVx1j6FRe1XfxEgjEZA==",
      "license": "BSD-2-Clause",
      "dependencies": {
        "dom-serializer": "^2.0.0",
        "domelementtype": "^2.3.0",
        "domhandler": "^5.0.3"
      },
      "funding": {
        "url": "https://github.com/fb55/domutils?sponsor=1"
      }
    },
    "node_modules/entities": {
      "version": "4.5.0",
      "resolved": "https://registry.npmjs.org/entities/-/entities-4.5.0.tgz",
      "integrity": "sha512-V0hjH4dGPh9Ao5p0MoRY6BVqtwCjhz6vI5LT8AJ55H+4g9/4vbHx1I54fS0XuclLhDHArPQCiMjDxjaL8fPxhw==",
      "license": "BSD-2-Clause",
      "engines": {
        "node": ">=0.12"
      },
      "funding": {
        "url": "https://github.com/fb55/entities?sponsor=1"
      }
    },
    "node_modules/flowbite": {
      "version": "2.3.0",
      "resolved": "https://registry.npmjs.org/flowbite/-/flowbite-2.3.0.tgz",
      "integrity": "sha512-pm3JRo8OIJHGfFYWgaGpPv8E+UdWy0Z3gEAGufw+G/1dusaU/P1zoBLiQpf2/+bYAi+GBQtPVG86KYlV0W+AFQ==",
      "dependencies": {
        "@popperjs/core": "^2.9.3",
        "mini-svg-data-uri": "^1.4.3"
      }
    },
    "node_modules/he": {
      "version": "1.2.0",
      "resolved": "https://registry.npmjs.org/he/-/he-1.2.0.tgz",
      "integrity": "sha512-F/1DnUGPopORZi0ni+CvrCgHQ5FyEAHRLSApuYWMmrbSwoN2Mn/7k+Gl38gJnR7yyDZk6WLXwiGod1JOWNDKGw==",
      "license": "MIT",
      "bin": {
        "he": "bin/he"
      }
    },
    "node_modules/lodash.castarray": {
      "version": "4.4.0",
      "resolved": "https://registry.npmjs.org/lodash.castarray/-/lodash.castarray-4.4.0.tgz",
      "integrity": "sha512-aVx8ztPv7/2ULbArGJ2Y42bG1mEQ5mGjpdvrbJcJFU3TbYybe+QlLS4pst9zV52ymy2in1KpFPiZnAOATxD4+Q==",
      "dev": true,
      "license": "MIT"
    },
    "node_modules/lodash.isplainobject": {
      "version": "4.0.6",
      "resolved": "https://registry.npmjs.org/lodash.isplainobject/-/lodash.isplainobject-4.0.6.tgz",
      "integrity": "sha512-oSXzaWypCMHkPC3NvBEaPHf0KsA5mvPrOPgQWDsbg8n7orZ290M0BmC/jgRZ4vcJ6DTAhjrsSYgdsW/F+MFOBA==",
      "dev": true,
      "license": "MIT"
    },
    "node_modules/lodash.merge": {
      "version": "4.6.2",
      "resolved": "https://registry.npmjs.org/lodash.merge/-/lodash.merge-4.6.2.tgz",
      "integrity": "sha512-0KpjqXRVvrYyCsX1swR/XTK0va6VQkQM6MNo7PqW77ByjAhoARA8EfrP1N4+KlKj8YS0ZUCtRT/YUuhyYDujIQ==",
      "dev": true,
      "license": "MIT"
    },
    "node_modules/mini-svg-data-uri": {
      "version": "1.4.4",
      "resolved": "https://registry.npmjs.org/mini-svg-data-uri/-/mini-svg-data-uri-1.4.4.tgz",
      "integrity": "sha512-r9deDe9p5FJUPZAk3A59wGH7Ii9YrjjWw0jmw/liSbHl2CHiyXj6FcDXDu2K3TjVAXqiJdaw3xxwlZZr9E6nHg==",
      "bin": {
        "mini-svg-data-uri": "cli.js"
      }
    },
    "node_modules/node-html-markdown": {
      "version": "1.3.0",
      "resolved": "https://registry.npmjs.org/node-html-markdown/-/node-html-markdown-1.3.0.tgz",
      "integrity": "sha512-OeFi3QwC/cPjvVKZ114tzzu+YoR+v9UXW5RwSXGUqGb0qCl0DvP406tzdL7SFn8pZrMyzXoisfG2zcuF9+zw4g==",
      "license": "MIT",
      "dependencies": {
        "node-html-parser": "^6.1.1"
      },
      "engines": {
        "node": ">=10.0.0"
      }
    },
    "node_modules/node-html-parser": {
      "version": "6.1.5",
      "resolved": "https://registry.npmjs.org/node-html-parser/-/node-html-parser-6.1.5.tgz",
      "integrity": "sha512-fAaM511feX++/Chnhe475a0NHD8M7AxDInsqQpz6x63GRF7xYNdS8Vo5dKsIVPgsOvG7eioRRTZQnWBrhDHBSg==",
      "license": "MIT",
      "dependencies": {
        "css-select": "^5.1.0",
        "he": "1.2.0"
      }
    },
    "node_modules/nth-check": {
      "version": "2.1.1",
      "resolved": "https://registry.npmjs.org/nth-check/-/nth-check-2.1.1.tgz",
      "integrity": "sha512-lqjrjmaOoAnWfMmBPL+XNnynZh2+swxiX3WUE0s4yEHI6m+AwrK2UZOimIRl3X/4QctVqS8AiZjFqyOGrMXb/w==",
      "license": "BSD-2-Clause",
      "dependencies": {
        "boolbase": "^1.0.0"
      },
      "funding": {
        "url": "https://github.com/fb55/nth-check?sponsor=1"
      }
    },
    "node_modules/postcss-selector-parser": {
      "version": "6.0.10",
      "resolved": "https://registry.npmjs.org/postcss-selector-parser/-/postcss-selector-parser-6.0.10.tgz",
      "integrity": "sha512-IQ7TZdoaqbT+LCpShg46jnZVlhWD2w6iQYAcYXfHARZ7X1t/UGhhceQDs5X0cGqKvYlHNOuv7Oa1xmb0oQuA3w==",
      "dev": true,
      "license": "MIT",
      "dependencies": {
        "cssesc": "^3.0.0",
        "util-deprecate": "^1.0.2"
      },
      "engines": {
        "node": ">=4"
      }
    },
    "node_modules/sweetalert2": {
      "version": "11.10.5",
      "resolved": "https://registry.npmjs.org/sweetalert2/-/sweetalert2-11.10.5.tgz",
      "integrity": "sha512-q9eE3EKhMcpIDU/Xcz7z5lk8axCGkgxwK47gXGrrfncnBJWxHPPHnBVAjfsVXcTt8Yi8U6HNEcBRSu+qGeyFdA==",
      "dev": true,
      "license": "MIT",
      "funding": {
        "type": "individual",
        "url": "https://github.com/sponsors/limonte"
      }
    },
    "node_modules/util-deprecate": {
      "version": "1.0.2",
      "resolved": "https://registry.npmjs.org/util-deprecate/-/util-deprecate-1.0.2.tgz",
      "integrity": "sha512-EPD5q1uXyFxJpCrLnCc1nHnq3gOa6DZBocAIiI2TaSCA7VCJ1UJDMagCzIkXNsUYfD1daK//LTEQ8xiIbrHtcw==",
      "dev": true,
      "license": "MIT"
    }
  },
  "dependencies": {
    "@popperjs/core": {
      "version": "2.11.8",
      "resolved": "https://registry.npmjs.org/@popperjs/core/-/core-2.11.8.tgz",
      "integrity": "sha512-P1st0aksCrn9sGZhp8GMYwBnQsbvAWsZAX44oXNNvLHGqAOcoVxmjZiohstwQ7SqKnbR47akdNi+uleWD8+g6A=="
    },
    "@tailwindcss/typography": {
      "version": "0.5.10",
      "resolved": "https://registry.npmjs.org/@tailwindcss/typography/-/typography-0.5.10.tgz",
      "integrity": "sha512-Pe8BuPJQJd3FfRnm6H0ulKIGoMEQS+Vq01R6M5aCrFB/ccR/shT+0kXLjouGC1gFLm9hopTFN+DMP0pfwRWzPw==",
      "dev": true,
      "requires": {
        "lodash.castarray": "^4.4.0",
        "lodash.isplainobject": "^4.0.6",
        "lodash.merge": "^4.6.2",
        "postcss-selector-parser": "6.0.10"
      }
    },
    "boolbase": {
      "version": "1.0.0",
      "resolved": "https://registry.npmjs.org/boolbase/-/boolbase-1.0.0.tgz",
      "integrity": "sha512-JZOSA7Mo9sNGB8+UjSgzdLtokWAky1zbztM3WRLCbZ70/3cTANmQmOdR7y2g+J0e2WXywy1yS468tY+IruqEww=="
    },
    "css-select": {
      "version": "5.1.0",
      "resolved": "https://registry.npmjs.org/css-select/-/css-select-5.1.0.tgz",
      "integrity": "sha512-nwoRF1rvRRnnCqqY7updORDsuqKzqYJ28+oSMaJMMgOauh3fvwHqMS7EZpIPqK8GL+g9mKxF1vP/ZjSeNjEVHg==",
      "requires": {
        "boolbase": "^1.0.0",
        "css-what": "^6.1.0",
        "domhandler": "^5.0.2",
        "domutils": "^3.0.1",
        "nth-check": "^2.0.1"
      }
    },
    "css-what": {
      "version": "6.1.0",
      "resolved": "https://registry.npmjs.org/css-what/-/css-what-6.1.0.tgz",
      "integrity": "sha512-HTUrgRJ7r4dsZKU6GjmpfRK1O76h97Z8MfS1G0FozR+oF2kG6Vfe8JE6zwrkbxigziPHinCJ+gCPjA9EaBDtRw=="
    },
    "cssesc": {
      "version": "3.0.0",
      "resolved": "https://registry.npmjs.org/cssesc/-/cssesc-3.0.0.tgz",
      "integrity": "sha512-/Tb/JcjK111nNScGob5MNtsntNM1aCNUDipB/TkwZFhyDrrE47SOx/18wF2bbjgc3ZzCSKW1T5nt5EbFoAz/Vg==",
      "dev": true
    },
    "dom-serializer": {
      "version": "2.0.0",
      "resolved": "https://registry.npmjs.org/dom-serializer/-/dom-serializer-2.0.0.tgz",
      "integrity": "sha512-wIkAryiqt/nV5EQKqQpo3SToSOV9J0DnbJqwK7Wv/Trc92zIAYZ4FlMu+JPFW1DfGFt81ZTCGgDEabffXeLyJg==",
      "requires": {
        "domelementtype": "^2.3.0",
        "domhandler": "^5.0.2",
        "entities": "^4.2.0"
      }
    },
    "domelementtype": {
      "version": "2.3.0",
      "resolved": "https://registry.npmjs.org/domelementtype/-/domelementtype-2.3.0.tgz",
      "integrity": "sha512-OLETBj6w0OsagBwdXnPdN0cnMfF9opN69co+7ZrbfPGrdpPVNBUj02spi6B1N7wChLQiPn4CSH/zJvXw56gmHw=="
    },
    "domhandler": {
      "version": "5.0.3",
      "resolved": "https://registry.npmjs.org/domhandler/-/domhandler-5.0.3.tgz",
      "integrity": "sha512-cgwlv/1iFQiFnU96XXgROh8xTeetsnJiDsTc7TYCLFd9+/WNkIqPTxiM/8pSd8VIrhXGTf1Ny1q1hquVqDJB5w==",
      "requires": {
        "domelementtype": "^2.3.0"
      }
    },
    "domutils": {
      "version": "3.1.0",
      "resolved": "https://registry.npmjs.org/domutils/-/domutils-3.1.0.tgz",
      "integrity": "sha512-H78uMmQtI2AhgDJjWeQmHwJJ2bLPD3GMmO7Zja/ZZh84wkm+4ut+IUnUdRa8uCGX88DiVx1j6FRe1XfxEgjEZA==",
      "requires": {
        "dom-serializer": "^2.0.0",
        "domelementtype": "^2.3.0",
        "domhandler": "^5.0.3"
      }
    },
    "entities": {
      "version": "4.5.0",
      "resolved": "https://registry.npmjs.org/entities/-/entities-4.5.0.tgz",
      "integrity": "sha512-V0hjH4dGPh9Ao5p0MoRY6BVqtwCjhz6vI5LT8AJ55H+4g9/4vbHx1I54fS0XuclLhDHArPQCiMjDxjaL8fPxhw=="
    },
    "flowbite": {
      "version": "2.3.0",
      "resolved": "https://registry.npmjs.org/flowbite/-/flowbite-2.3.0.tgz",
      "integrity": "sha512-pm3JRo8OIJHGfFYWgaGpPv8E+UdWy0Z3gEAGufw+G/1dusaU/P1zoBLiQpf2/+bYAi+GBQtPVG86KYlV0W+AFQ==",
      "requires": {
        "@popperjs/core": "^2.9.3",
        "mini-svg-data-uri": "^1.4.3"
      }
    },
    "he": {
      "version": "1.2.0",
      "resolved": "https://registry.npmjs.org/he/-/he-1.2.0.tgz",
      "integrity": "sha512-F/1DnUGPopORZi0ni+CvrCgHQ5FyEAHRLSApuYWMmrbSwoN2Mn/7k+Gl38gJnR7yyDZk6WLXwiGod1JOWNDKGw=="
    },
    "lodash.castarray": {
      "version": "4.4.0",
      "resolved": "https://registry.npmjs.org/lodash.castarray/-/lodash.castarray-4.4.0.tgz",
      "integrity": "sha512-aVx8ztPv7/2ULbArGJ2Y42bG1mEQ5mGjpdvrbJcJFU3TbYybe+QlLS4pst9zV52ymy2in1KpFPiZnAOATxD4+Q==",
      "dev": true
    },
    "lodash.isplainobject": {
      "version": "4.0.6",
      "resolved": "https://registry.npmjs.org/lodash.isplainobject/-/lodash.isplainobject-4.0.6.tgz",
      "integrity": "sha512-oSXzaWypCMHkPC3NvBEaPHf0KsA5mvPrOPgQWDsbg8n7orZ290M0BmC/jgRZ4vcJ6DTAhjrsSYgdsW/F+MFOBA==",
      "dev": true
    },
    "lodash.merge": {
      "version": "4.6.2",
      "resolved": "https://registry.npmjs.org/lodash.merge/-/lodash.merge-4.6.2.tgz",
      "integrity": "sha512-0KpjqXRVvrYyCsX1swR/XTK0va6VQkQM6MNo7PqW77ByjAhoARA8EfrP1N4+KlKj8YS0ZUCtRT/YUuhyYDujIQ==",
      "dev": true
    },
    "mini-svg-data-uri": {
      "version": "1.4.4",
      "resolved": "https://registry.npmjs.org/mini-svg-data-uri/-/mini-svg-data-uri-1.4.4.tgz",
      "integrity": "sha512-r9deDe9p5FJUPZAk3A59wGH7Ii9YrjjWw0jmw/liSbHl2CHiyXj6FcDXDu2K3TjVAXqiJdaw3xxwlZZr9E6nHg=="
    },
    "node-html-markdown": {
      "version": "1.3.0",
      "resolved": "https://registry.npmjs.org/node-html-markdown/-/node-html-markdown-1.3.0.tgz",
      "integrity": "sha512-OeFi3QwC/cPjvVKZ114tzzu+YoR+v9UXW5RwSXGUqGb0qCl0DvP406tzdL7SFn8pZrMyzXoisfG2zcuF9+zw4g==",
      "requires": {
        "node-html-parser": "^6.1.1"
      }
    },
    "node-html-parser": {
      "version": "6.1.5",
      "resolved": "https://registry.npmjs.org/node-html-parser/-/node-html-parser-6.1.5.tgz",
      "integrity": "sha512-fAaM511feX++/Chnhe475a0NHD8M7AxDInsqQpz6x63GRF7xYNdS8Vo5dKsIVPgsOvG7eioRRTZQnWBrhDHBSg==",
      "requires": {
        "css-select": "^5.1.0",
        "he": "1.2.0"
      }
    },
    "nth-check": {
      "version": "2.1.1",
      "resolved": "https://registry.npmjs.org/nth-check/-/nth-check-2.1.1.tgz",
      "integrity": "sha512-lqjrjmaOoAnWfMmBPL+XNnynZh2+swxiX3WUE0s4yEHI6m+AwrK2UZOimIRl3X/4QctVqS8AiZjFqyOGrMXb/w==",
      "requires": {
        "boolbase": "^1.0.0"
      }
    },
    "postcss-selector-parser": {
      "version": "6.0.10",
      "resolved": "https://registry.npmjs.org/postcss-selector-parser/-/postcss-selector-parser-6.0.10.tgz",
      "integrity": "sha512-IQ7TZdoaqbT+LCpShg46jnZVlhWD2w6iQYAcYXfHARZ7X1t/UGhhceQDs5X0cGqKvYlHNOuv7Oa1xmb0oQuA3w==",
      "dev": true,
      "requires": {
        "cssesc": "^3.0.0",
        "util-deprecate": "^1.0.2"
      }
    },
    "sweetalert2": {
      "version": "11.10.5",
      "resolved": "https://registry.npmjs.org/sweetalert2/-/sweetalert2-11.10.5.tgz",
      "integrity": "sha512-q9eE3EKhMcpIDU/Xcz7z5lk8axCGkgxwK47gXGrrfncnBJWxHPPHnBVAjfsVXcTt8Yi8U6HNEcBRSu+qGeyFdA==",
      "dev": true
    },
    "util-deprecate": {
      "version": "1.0.2",
      "resolved": "https://registry.npmjs.org/util-deprecate/-/util-deprecate-1.0.2.tgz",
      "integrity": "sha512-EPD5q1uXyFxJpCrLnCc1nHnq3gOa6DZBocAIiI2TaSCA7VCJ1UJDMagCzIkXNsUYfD1daK//LTEQ8xiIbrHtcw==",
      "dev": true
    }
  }
}
